github.com/go-redis/redis v6.14.1+incompatible/go.mod h1:NAIEuMOZ/fxfXJIrKDQDz8wamY7mA7PouImQ2Jvg6kA=
github.com/go-redis/redis v6.15.9+incompatible h1:K0pv1D7EQUjfyoMql+r/jZqCLizCGKFlFgcHWWmHQjg=
github.com/go-redis/redis v6.15.9+incompatible/go.mod h1:NAIEuMOZ/fxfXJIrKDQDz8wamY7mA7PouImQ2Jvg6kA=
github.com/teris-io/shortid v0.0.0-20171029131806-771a37caa5cf/go.mod h1:M8agBzgqHIhgj7wEn9/0hJUZcrvt9VY+Ln+S1I5Mha0=
github.com/teris-io/shortid v0.0.0-20201117134242-e59966efd125 h1:3SNcvBmEPE1YlB1JpVZouslJpI3GBNoiqW7+wb0Rz7w=
github.com/teris-io/shortid v0.0.0-20201117134242-e59966efd125/go.mod h1:M8agBzgqHIhgj7wEn9/0hJUZcrvt9VY+Ln+S1I5Mha0=
gitlab.com/bindersfullofcode/go-short v0.0.0-20190212063449-7042d8336889 h1:SUrJ6+IkTHyvkqsYtWBP8XvfZ6+oayVstLzGMkAyGX8=
gitlab.com/bindersfullofcode/go-short v0.0.0-20190212063449-7042d8336889/go.mod h1:Gt36qAv5CzN5hSmGHECVe3IpEvdOEW8sx/vxwI9lZ30=
